
Microsoft Visual Studio Solution File, Format Version 12.00
# Visual Studio 15
VisualStudioVersion = 15.0.28307.489
MinimumVisualStudioVersion = 10.0.40219.1
Project("{FAE04EC0-301F-11D3-BF4B-00C04F79EFBC}") = "NumberGame", "NumberGame\NumberGame.csproj", "{DCD732FC-499D-4F6A-B827-8818230AEA63}"
EndProject
Global
	GlobalSection(SolutionConfigurationPlatforms) = preSolution
		Debug|Any CPU = Debug|Any CPU
		Release|Any CPU = Release|Any CPU
	EndGlobalSection
	GlobalSection(ProjectConfigurationPlatforms) = postSolution
		{DCD732FC-499D-4F6A-B827-8818230AEA63}.Debug|Any CPU.ActiveCfg = Debug|Any CPU
		{DCD732FC-499D-4F6A-B827-8818230AEA63}.Debug|Any CPU.Build.0 = Debug|Any CPU
		{DCD732FC-499D-4F6A-B827-8818230AEA63}.Release|Any CPU.ActiveCfg = Release|Any CPU
		{DCD732FC-499D-4F6A-B827-8818230AEA63}.Release|Any CPU.Build.0 = Release|Any CPU
	EndGlobalSection
	GlobalSection(SolutionProperties) = preSolution
		HideSolutionNode = FALSE
	EndGlobalSection
	GlobalSection(ExtensibilityGlobals) = postSolution
		SolutionGuid = {1C8470BE-94D2-46E9-8FCC-96870FC67735}
	EndGlobalSection
EndGlobal
